
Microsoft Visual Studio Solution File, Format Version 12.00
# Visual Studio Version 17
VisualStudioVersion = 17.14.36705.20
MinimumVisualStudioVersion = 10.0.40219.1
Project("{FAE04EC0-301F-11D3-BF4B-00C04F79EFBC}") = "MyRegex", "MyRegex.csproj", "{B6FABE3F-A310-488A-B57D-EE9E6FC16571}"
EndProject
Project("{FAE04EC0-301F-11D3-BF4B-00C04F79EFBC}") = "MyRegex.test", "..\MyRegex.test\MyRegex.test.csproj", "{0DAABA5B-C107-4449-B704-0867BFCCC9C9}"
EndProject
Global
	GlobalSection(SolutionConfigurationPlatforms) = preSolution
		Debug|Any CPU = Debug|Any CPU
		Release|Any CPU = Release|Any CPU
	EndGlobalSection
	GlobalSection(ProjectConfigurationPlatforms) = postSolution
		{B6FABE3F-A310-488A-B57D-EE9E6FC16571}.Debug|Any CPU.ActiveCfg = Debug|Any CPU
		{B6FABE3F-A310-488A-B57D-EE9E6FC16571}.Debug|Any CPU.Build.0 = Debug|Any CPU
		{B6FABE3F-A310-488A-B57D-EE9E6FC16571}.Release|Any CPU.ActiveCfg = Release|Any CPU
		{B6FABE3F-A310-488A-B57D-EE9E6FC16571}.Release|Any CPU.Build.0 = Release|Any CPU
		{0DAABA5B-C107-4449-B704-0867BFCCC9C9}.Debug|Any CPU.ActiveCfg = Debug|Any CPU
		{0DAABA5B-C107-4449-B704-0867BFCCC9C9}.Debug|Any CPU.Build.0 = Debug|Any CPU
		{0DAABA5B-C107-4449-B704-0867BFCCC9C9}.Release|Any CPU.ActiveCfg = Release|Any CPU
		{0DAABA5B-C107-4449-B704-0867BFCCC9C9}.Release|Any CPU.Build.0 = Release|Any CPU
	EndGlobalSection
	GlobalSection(SolutionProperties) = preSolution
		HideSolutionNode = FALSE
	EndGlobalSection
	GlobalSection(ExtensibilityGlobals) = postSolution
		SolutionGuid = {40187C5C-E7C2-4785-AA10-4A517176C40F}
	EndGlobalSection
EndGlobal
